
Microsoft Visual Studio Solution File, Format Version 12.00
# Visual Studio 15
VisualStudioVersion = 15.0.27703.2035
MinimumVisualStudioVersion = 10.0.40219.1
Project("{FAE04EC0-301F-11D3-BF4B-00C04F79EFBC}") = "MvcAddUserExample", "MvcAddUserExample\MvcAddUserExample.csproj", "{57374138-CDF2-4B73-BC8E-4A21344FB914}"
EndProject
Project("{FAE04EC0-301F-11D3-BF4B-00C04F79EFBC}") = "MvcAddUserExample.Tests", "MvcAddUserExample.Tests\MvcAddUserExample.Tests.csproj", "{5C935C54-9CDC-4BB2-A689-B3189AB571E3}"
EndProject
Project("{2150E333-8FDC-42A3-9474-1A3956D46DE8}") = "Solution Items", "Solution Items", "{B62FB54C-4BCC-40BF-AD1C-CF6CFA5278EB}"
	ProjectSection(SolutionItems) = preProject
		appveyor.yml = appveyor.yml
		README.md = README.md
	EndProjectSection
EndProject
Project("{FAE04EC0-301F-11D3-BF4B-00C04F79EFBC}") = "MvcAddUserExample.Core", "MvcAddUserExample.Core\MvcAddUserExample.Core.csproj", "{6314C02A-9479-41C7-9AEE-9845A39B8721}"
EndProject
Project("{FAE04EC0-301F-11D3-BF4B-00C04F79EFBC}") = "MvcAddUserExample.Services", "MvcAddUserExample.Services\MvcAddUserExample.Services.csproj", "{F1A33CFD-501D-4A9F-8F82-20FE902CE6FF}"
EndProject
Project("{FAE04EC0-301F-11D3-BF4B-00C04F79EFBC}") = "MvcAddUserExample.Services.Tests", "MvcAddUserExample.Services.Tests\MvcAddUserExample.Services.Tests.csproj", "{FEFDB261-786D-41A2-9364-96BCB7FDF7C9}"
EndProject
Project("{FAE04EC0-301F-11D3-BF4B-00C04F79EFBC}") = "MvcAddUserExample.Providers", "MvcAddUserExample.Providers\MvcAddUserExample.Providers.csproj", "{7B09519A-BACD-42EB-9244-8D5EAA594D2F}"
EndProject
Global
	GlobalSection(SolutionConfigurationPlatforms) = preSolution
		Debug|Any CPU = Debug|Any CPU
		Release|Any CPU = Release|Any CPU
	EndGlobalSection
	GlobalSection(ProjectConfigurationPlatforms) = postSolution
		{57374138-CDF2-4B73-BC8E-4A21344FB914}.Debug|Any CPU.ActiveCfg = Debug|Any CPU
		{57374138-CDF2-4B73-BC8E-4A21344FB914}.Debug|Any CPU.Build.0 = Debug|Any CPU
		{57374138-CDF2-4B73-BC8E-4A21344FB914}.Release|Any CPU.ActiveCfg = Release|Any CPU
		{57374138-CDF2-4B73-BC8E-4A21344FB914}.Release|Any CPU.Build.0 = Release|Any CPU
		{5C935C54-9CDC-4BB2-A689-B3189AB571E3}.Debug|Any CPU.ActiveCfg = Debug|Any CPU
		{5C935C54-9CDC-4BB2-A689-B3189AB571E3}.Debug|Any CPU.Build.0 = Debug|Any CPU
		{5C935C54-9CDC-4BB2-A689-B3189AB571E3}.Release|Any CPU.ActiveCfg = Release|Any CPU
		{5C935C54-9CDC-4BB2-A689-B3189AB571E3}.Release|Any CPU.Build.0 = Release|Any CPU
		{6314C02A-9479-41C7-9AEE-9845A39B8721}.Debug|Any CPU.ActiveCfg = Debug|Any CPU
		{6314C02A-9479-41C7-9AEE-9845A39B8721}.Debug|Any CPU.Build.0 = Debug|Any CPU
		{6314C02A-9479-41C7-9AEE-9845A39B8721}.Release|Any CPU.ActiveCfg = Release|Any CPU
		{6314C02A-9479-41C7-9AEE-9845A39B8721}.Release|Any CPU.Build.0 = Release|Any CPU
		{F1A33CFD-501D-4A9F-8F82-20FE902CE6FF}.Debug|Any CPU.ActiveCfg = Debug|Any CPU
		{F1A33CFD-501D-4A9F-8F82-20FE902CE6FF}.Debug|Any CPU.Build.0 = Debug|Any CPU
		{F1A33CFD-501D-4A9F-8F82-20FE902CE6FF}.Release|Any CPU.ActiveCfg = Release|Any CPU
		{F1A33CFD-501D-4A9F-8F82-20FE902CE6FF}.Release|Any CPU.Build.0 = Release|Any CPU
		{FEFDB261-786D-41A2-9364-96BCB7FDF7C9}.Debug|Any CPU.ActiveCfg = Debug|Any CPU
		{FEFDB261-786D-41A2-9364-96BCB7FDF7C9}.Debug|Any CPU.Build.0 = Debug|Any CPU
		{FEFDB261-786D-41A2-9364-96BCB7FDF7C9}.Release|Any CPU.ActiveCfg = Release|Any CPU
		{FEFDB261-786D-41A2-9364-96BCB7FDF7C9}.Release|Any CPU.Build.0 = Release|Any CPU
		{7B09519A-BACD-42EB-9244-8D5EAA594D2F}.Debug|Any CPU.ActiveCfg = Debug|Any CPU
		{7B09519A-BACD-42EB-9244-8D5EAA594D2F}.Debug|Any CPU.Build.0 = Debug|Any CPU
		{7B09519A-BACD-42EB-9244-8D5EAA594D2F}.Release|Any CPU.ActiveCfg = Release|Any CPU
		{7B09519A-BACD-42EB-9244-8D5EAA594D2F}.Release|Any CPU.Build.0 = Release|Any CPU
	EndGlobalSection
	GlobalSection(SolutionProperties) = preSolution
		HideSolutionNode = FALSE
	EndGlobalSection
	GlobalSection(ExtensibilityGlobals) = postSolution
		SolutionGuid = {3D1BAC39-DEE2-4137-8FBE-FF2F3FDC47A7}
	EndGlobalSection
EndGlobal
